
Microsoft Visual Studio Solution File, Format Version 12.00
# Visual Studio Version 16
VisualStudioVersion = 16.0.30907.101
MinimumVisualStudioVersion = 10.0.40219.1
Project("{FAE04EC0-301F-11D3-BF4B-00C04F79EFBC}") = "WindowsForms_lab1", "WindowsForms_lab1\WindowsForms_lab1.csproj", "{0A78B65B-D4D8-45B7-AD31-12A0DC115D8D}"
EndProject
Global
	GlobalSection(SolutionConfigurationPlatforms) = preSolution
		Debug|Any CPU = Debug|Any CPU
		Release|Any CPU = Release|Any CPU
	EndGlobalSection
	GlobalSection(ProjectConfigurationPlatforms) = postSolution
		{0A78B65B-D4D8-45B7-AD31-12A0DC115D8D}.Debug|Any CPU.ActiveCfg = Debug|Any CPU
		{0A78B65B-D4D8-45B7-AD31-12A0DC115D8D}.Debug|Any CPU.Build.0 = Debug|Any CPU
		{0A78B65B-D4D8-45B7-AD31-12A0DC115D8D}.Release|Any CPU.ActiveCfg = Release|Any CPU
		{0A78B65B-D4D8-45B7-AD31-12A0DC115D8D}.Release|Any CPU.Build.0 = Release|Any CPU
	EndGlobalSection
	GlobalSection(SolutionProperties) = preSolution
		HideSolutionNode = FALSE
	EndGlobalSection
	GlobalSection(ExtensibilityGlobals) = postSolution
		SolutionGuid = {BB58FE55-AB6C-4EAE-AA5E-E52A43523B22}
	EndGlobalSection
EndGlobal
